
Microsoft Visual Studio Solution File, Format Version 12.00
# Visual Studio 2017
Project("{FAE04EC0-301F-11D3-BF4B-00C04F79EFBC}") = "UnityFixedGameboard1", "UnityFixedGameboard1.csproj", "{B4DC0D12-9564-23EE-4C42-C589D5C7512A}"
EndProject
Project("{FAE04EC0-301F-11D3-BF4B-00C04F79EFBC}") = "UnityFixedGameboard1.Plugins", "UnityFixedGameboard1.Plugins.csproj", "{1136734A-75D1-C99A-C40F-6013DF849247}"
EndProject
Project("{FAE04EC0-301F-11D3-BF4B-00C04F79EFBC}") = "UnityFixedGameboard1.Editor", "UnityFixedGameboard1.Editor.csproj", "{6D36F8DB-6B4B-9A88-7B8C-CC3EA1347B83}"
EndProject
Global
	GlobalSection(SolutionConfigurationPlatforms) = preSolution
		Debug|Any CPU = Debug|Any CPU
		Release|Any CPU = Release|Any CPU
	EndGlobalSection
	GlobalSection(ProjectConfigurationPlatforms) = postSolution
		{B4DC0D12-9564-23EE-4C42-C589D5C7512A}.Debug|Any CPU.ActiveCfg = Debug|Any CPU
		{B4DC0D12-9564-23EE-4C42-C589D5C7512A}.Debug|Any CPU.Build.0 = Debug|Any CPU
		{B4DC0D12-9564-23EE-4C42-C589D5C7512A}.Release|Any CPU.ActiveCfg = Release|Any CPU
		{B4DC0D12-9564-23EE-4C42-C589D5C7512A}.Release|Any CPU.Build.0 = Release|Any CPU
		{1136734A-75D1-C99A-C40F-6013DF849247}.Debug|Any CPU.ActiveCfg = Debug|Any CPU
		{1136734A-75D1-C99A-C40F-6013DF849247}.Debug|Any CPU.Build.0 = Debug|Any CPU
		{1136734A-75D1-C99A-C40F-6013DF849247}.Release|Any CPU.ActiveCfg = Release|Any CPU
		{1136734A-75D1-C99A-C40F-6013DF849247}.Release|Any CPU.Build.0 = Release|Any CPU
		{6D36F8DB-6B4B-9A88-7B8C-CC3EA1347B83}.Debug|Any CPU.ActiveCfg = Debug|Any CPU
		{6D36F8DB-6B4B-9A88-7B8C-CC3EA1347B83}.Debug|Any CPU.Build.0 = Debug|Any CPU
		{6D36F8DB-6B4B-9A88-7B8C-CC3EA1347B83}.Release|Any CPU.ActiveCfg = Release|Any CPU
		{6D36F8DB-6B4B-9A88-7B8C-CC3EA1347B83}.Release|Any CPU.Build.0 = Release|Any CPU
	EndGlobalSection
	GlobalSection(SolutionProperties) = preSolution
		HideSolutionNode = FALSE
	EndGlobalSection
EndGlobal
